
Microsoft Visual Studio Solution File, Format Version 12.00
# Visual Studio 2013
VisualStudioVersion = 12.0.21005.1
MinimumVisualStudioVersion = 10.0.40219.1
Project("{FAE04EC0-301F-11D3-BF4B-00C04F79EFBC}") = "DocumentManager.NET", "DocumentManager.NET\DocumentManager.NET.csproj", "{906A5449-31DB-4940-A0F1-C7C64F7D7F2C}"
EndProject
Project("{FAE04EC0-301F-11D3-BF4B-00C04F79EFBC}") = "DocumentManager.NET.Core", "DocumentManager.NET.Core\DocumentManager.NET.Core.csproj", "{FA8AF9F3-EFC2-482A-AA98-DE6C8A253A81}"
EndProject
Project("{FAE04EC0-301F-11D3-BF4B-00C04F79EFBC}") = "DocumentManager.NET.Utils", "DocumentManager.NET.Utils\DocumentManager.NET.Utils.csproj", "{C396E860-3134-4A3B-BA63-A3E148EBC031}"
EndProject
Project("{2150E333-8FDC-42A3-9474-1A3956D46DE8}") = "Installer", "Installer", "{C7871ED6-E326-46FF-B7BE-1696917ED288}"
EndProject
Project("{930C7802-8A8C-48F9-8165-68863BCCD9DD}") = "DocumentManager.NET.Installer", "DocumentManager.NET.Installer\DocumentManager.NET.Installer.wixproj", "{DD56BB8C-886F-4286-856B-5D14D660CEB0}"
EndProject
Project("{FAE04EC0-301F-11D3-BF4B-00C04F79EFBC}") = "DocumentManager.NET.LuceneAdapter", "DocumentManager.NET.LuceneAdapter\DocumentManager.NET.LuceneAdapter.csproj", "{98ADD457-1B62-4935-AAB1-BA9B0C5BCFDE}"
EndProject
Project("{FAE04EC0-301F-11D3-BF4B-00C04F79EFBC}") = "DocumentManager.NET.Logging", "DocumentManager.NET.Logging\DocumentManager.NET.Logging.csproj", "{766E21AC-2D5F-431D-801C-60E4F470C8FB}"
EndProject
Global
	GlobalSection(SolutionConfigurationPlatforms) = preSolution
		Debug|Any CPU = Debug|Any CPU
		Debug|Mixed Platforms = Debug|Mixed Platforms
		Debug|x86 = Debug|x86
		Release|Any CPU = Release|Any CPU
		Release|Mixed Platforms = Release|Mixed Platforms
		Release|x86 = Release|x86
	EndGlobalSection
	GlobalSection(ProjectConfigurationPlatforms) = postSolution
		{906A5449-31DB-4940-A0F1-C7C64F7D7F2C}.Debug|Any CPU.ActiveCfg = Debug|Any CPU
		{906A5449-31DB-4940-A0F1-C7C64F7D7F2C}.Debug|Any CPU.Build.0 = Debug|Any CPU
		{906A5449-31DB-4940-A0F1-C7C64F7D7F2C}.Debug|Mixed Platforms.ActiveCfg = Debug|Any CPU
		{906A5449-31DB-4940-A0F1-C7C64F7D7F2C}.Debug|Mixed Platforms.Build.0 = Debug|Any CPU
		{906A5449-31DB-4940-A0F1-C7C64F7D7F2C}.Debug|x86.ActiveCfg = Debug|Any CPU
		{906A5449-31DB-4940-A0F1-C7C64F7D7F2C}.Release|Any CPU.ActiveCfg = Release|Any CPU
		{906A5449-31DB-4940-A0F1-C7C64F7D7F2C}.Release|Any CPU.Build.0 = Release|Any CPU
		{906A5449-31DB-4940-A0F1-C7C64F7D7F2C}.Release|Mixed Platforms.ActiveCfg = Release|Any CPU
		{906A5449-31DB-4940-A0F1-C7C64F7D7F2C}.Release|Mixed Platforms.Build.0 = Release|Any CPU
		{906A5449-31DB-4940-A0F1-C7C64F7D7F2C}.Release|x86.ActiveCfg = Release|Any CPU
		{FA8AF9F3-EFC2-482A-AA98-DE6C8A253A81}.Debug|Any CPU.ActiveCfg = Debug|Any CPU
		{FA8AF9F3-EFC2-482A-AA98-DE6C8A253A81}.Debug|Any CPU.Build.0 = Debug|Any CPU
		{FA8AF9F3-EFC2-482A-AA98-DE6C8A253A81}.Debug|Mixed Platforms.ActiveCfg = Debug|Any CPU
		{FA8AF9F3-EFC2-482A-AA98-DE6C8A253A81}.Debug|Mixed Platforms.Build.0 = Debug|Any CPU
		{FA8AF9F3-EFC2-482A-AA98-DE6C8A253A81}.Debug|x86.ActiveCfg = Debug|Any CPU
		{FA8AF9F3-EFC2-482A-AA98-DE6C8A253A81}.Release|Any CPU.ActiveCfg = Release|Any CPU
		{FA8AF9F3-EFC2-482A-AA98-DE6C8A253A81}.Release|Any CPU.Build.0 = Release|Any CPU
		{FA8AF9F3-EFC2-482A-AA98-DE6C8A253A81}.Release|Mixed Platforms.ActiveCfg = Release|Any CPU
		{FA8AF9F3-EFC2-482A-AA98-DE6C8A253A81}.Release|Mixed Platforms.Build.0 = Release|Any CPU
		{FA8AF9F3-EFC2-482A-AA98-DE6C8A253A81}.Release|x86.ActiveCfg = Release|Any CPU
		{C396E860-3134-4A3B-BA63-A3E148EBC031}.Debug|Any CPU.ActiveCfg = Debug|Any CPU
		{C396E860-3134-4A3B-BA63-A3E148EBC031}.Debug|Any CPU.Build.0 = Debug|Any CPU
		{C396E860-3134-4A3B-BA63-A3E148EBC031}.Debug|Mixed Platforms.ActiveCfg = Debug|Any CPU
		{C396E860-3134-4A3B-BA63-A3E148EBC031}.Debug|Mixed Platforms.Build.0 = Debug|Any CPU
		{C396E860-3134-4A3B-BA63-A3E148EBC031}.Debug|x86.ActiveCfg = Debug|Any CPU
		{C396E860-3134-4A3B-BA63-A3E148EBC031}.Release|Any CPU.ActiveCfg = Release|Any CPU
		{C396E860-3134-4A3B-BA63-A3E148EBC031}.Release|Any CPU.Build.0 = Release|Any CPU
		{C396E860-3134-4A3B-BA63-A3E148EBC031}.Release|Mixed Platforms.ActiveCfg = Release|Any CPU
		{C396E860-3134-4A3B-BA63-A3E148EBC031}.Release|Mixed Platforms.Build.0 = Release|Any CPU
		{C396E860-3134-4A3B-BA63-A3E148EBC031}.Release|x86.ActiveCfg = Release|Any CPU
		{DD56BB8C-886F-4286-856B-5D14D660CEB0}.Debug|Any CPU.ActiveCfg = Debug|x86
		{DD56BB8C-886F-4286-856B-5D14D660CEB0}.Debug|Mixed Platforms.ActiveCfg = Debug|x86
		{DD56BB8C-886F-4286-856B-5D14D660CEB0}.Debug|x86.ActiveCfg = Debug|x86
		{DD56BB8C-886F-4286-856B-5D14D660CEB0}.Debug|x86.Build.0 = Debug|x86
		{DD56BB8C-886F-4286-856B-5D14D660CEB0}.Release|Any CPU.ActiveCfg = Release|x86
		{DD56BB8C-886F-4286-856B-5D14D660CEB0}.Release|Mixed Platforms.ActiveCfg = Release|x86
		{DD56BB8C-886F-4286-856B-5D14D660CEB0}.Release|Mixed Platforms.Build.0 = Release|x86
		{DD56BB8C-886F-4286-856B-5D14D660CEB0}.Release|x86.ActiveCfg = Release|x86
		{DD56BB8C-886F-4286-856B-5D14D660CEB0}.Release|x86.Build.0 = Release|x86
		{98ADD457-1B62-4935-AAB1-BA9B0C5BCFDE}.Debug|Any CPU.ActiveCfg = Debug|Any CPU
		{98ADD457-1B62-4935-AAB1-BA9B0C5BCFDE}.Debug|Any CPU.Build.0 = Debug|Any CPU
		{98ADD457-1B62-4935-AAB1-BA9B0C5BCFDE}.Debug|Mixed Platforms.ActiveCfg = Debug|Any CPU
		{98ADD457-1B62-4935-AAB1-BA9B0C5BCFDE}.Debug|Mixed Platforms.Build.0 = Debug|Any CPU
		{98ADD457-1B62-4935-AAB1-BA9B0C5BCFDE}.Debug|x86.ActiveCfg = Debug|Any CPU
		{98ADD457-1B62-4935-AAB1-BA9B0C5BCFDE}.Release|Any CPU.ActiveCfg = Release|Any CPU
		{98ADD457-1B62-4935-AAB1-BA9B0C5BCFDE}.Release|Any CPU.Build.0 = Release|Any CPU
		{98ADD457-1B62-4935-AAB1-BA9B0C5BCFDE}.Release|Mixed Platforms.ActiveCfg = Release|Any CPU
		{98ADD457-1B62-4935-AAB1-BA9B0C5BCFDE}.Release|Mixed Platforms.Build.0 = Release|Any CPU
		{98ADD457-1B62-4935-AAB1-BA9B0C5BCFDE}.Release|x86.ActiveCfg = Release|Any CPU
		{766E21AC-2D5F-431D-801C-60E4F470C8FB}.Debug|Any CPU.ActiveCfg = Debug|Any CPU
		{766E21AC-2D5F-431D-801C-60E4F470C8FB}.Debug|Any CPU.Build.0 = Debug|Any CPU
		{766E21AC-2D5F-431D-801C-60E4F470C8FB}.Debug|Mixed Platforms.ActiveCfg = Debug|Any CPU
		{766E21AC-2D5F-431D-801C-60E4F470C8FB}.Debug|Mixed Platforms.Build.0 = Debug|Any CPU
		{766E21AC-2D5F-431D-801C-60E4F470C8FB}.Debug|x86.ActiveCfg = Debug|Any CPU
		{766E21AC-2D5F-431D-801C-60E4F470C8FB}.Release|Any CPU.ActiveCfg = Release|Any CPU
		{766E21AC-2D5F-431D-801C-60E4F470C8FB}.Release|Any CPU.Build.0 = Release|Any CPU
		{766E21AC-2D5F-431D-801C-60E4F470C8FB}.Release|Mixed Platforms.ActiveCfg = Release|Any CPU
		{766E21AC-2D5F-431D-801C-60E4F470C8FB}.Release|Mixed Platforms.Build.0 = Release|Any CPU
		{766E21AC-2D5F-431D-801C-60E4F470C8FB}.Release|x86.ActiveCfg = Release|Any CPU
	EndGlobalSection
	GlobalSection(SolutionProperties) = preSolution
		HideSolutionNode = FALSE
	EndGlobalSection
	GlobalSection(NestedProjects) = preSolution
		{DD56BB8C-886F-4286-856B-5D14D660CEB0} = {C7871ED6-E326-46FF-B7BE-1696917ED288}
	EndGlobalSection
EndGlobal
